
Microsoft Visual Studio Solution File, Format Version 12.00
# Visual Studio Version 16
VisualStudioVersion = 16.0.32228.343
MinimumVisualStudioVersion = 10.0.40219.1
Project("{FAE04EC0-301F-11D3-BF4B-00C04F79EFBC}") = "Yummy_FrontToBack", "Yummy_FrontToBack\Yummy_FrontToBack.csproj", "{182647BB-A52D-495B-82B9-AE817007FD1F}"
EndProject
Global
	GlobalSection(SolutionConfigurationPlatforms) = preSolution
		Debug|Any CPU = Debug|Any CPU
		Release|Any CPU = Release|Any CPU
	EndGlobalSection
	GlobalSection(ProjectConfigurationPlatforms) = postSolution
		{182647BB-A52D-495B-82B9-AE817007FD1F}.Debug|Any CPU.ActiveCfg = Debug|Any CPU
		{182647BB-A52D-495B-82B9-AE817007FD1F}.Debug|Any CPU.Build.0 = Debug|Any CPU
		{182647BB-A52D-495B-82B9-AE817007FD1F}.Release|Any CPU.ActiveCfg = Release|Any CPU
		{182647BB-A52D-495B-82B9-AE817007FD1F}.Release|Any CPU.Build.0 = Release|Any CPU
	EndGlobalSection
	GlobalSection(SolutionProperties) = preSolution
		HideSolutionNode = FALSE
	EndGlobalSection
	GlobalSection(ExtensibilityGlobals) = postSolution
		SolutionGuid = {120A26C7-66E6-4CAE-865F-F0AFCE337DD1}
	EndGlobalSection
EndGlobal
